
Microsoft Visual Studio Solution File, Format Version 12.00
# Visual Studio Version 17
VisualStudioVersion = 17.9.34714.143
MinimumVisualStudioVersion = 10.0.40219.1
Project("{FAE04EC0-301F-11D3-BF4B-00C04F79EFBC}") = "Examen1", "Examen1\Examen1.csproj", "{AEF8AF86-44EC-4013-B182-C6A4CED60D40}"
EndProject
Global
	GlobalSection(SolutionConfigurationPlatforms) = preSolution
		Debug|Any CPU = Debug|Any CPU
		Release|Any CPU = Release|Any CPU
	EndGlobalSection
	GlobalSection(ProjectConfigurationPlatforms) = postSolution
		{AEF8AF86-44EC-4013-B182-C6A4CED60D40}.Debug|Any CPU.ActiveCfg = Debug|Any CPU
		{AEF8AF86-44EC-4013-B182-C6A4CED60D40}.Debug|Any CPU.Build.0 = Debug|Any CPU
		{AEF8AF86-44EC-4013-B182-C6A4CED60D40}.Release|Any CPU.ActiveCfg = Release|Any CPU
		{AEF8AF86-44EC-4013-B182-C6A4CED60D40}.Release|Any CPU.Build.0 = Release|Any CPU
	EndGlobalSection
	GlobalSection(SolutionProperties) = preSolution
		HideSolutionNode = FALSE
	EndGlobalSection
	GlobalSection(ExtensibilityGlobals) = postSolution
		SolutionGuid = {949BC79E-7930-4F3C-9116-8DE88D768903}
	EndGlobalSection
EndGlobal
